// !$*UTF8*$!
{
	archiveVersion = 1;
	classes = {
	};
	objectVersion = 46;
	objects = {

/* Begin PBXBuildFile section */
		CD264D53196E69F900A2629C /* Foundation.framework in Frameworks */ = {isa = PBXBuildFile; fileRef = CD264D52196E69F900A2629C /* Foundation.framework */; };
		CD264D55196E69F900A2629C /* CoreGraphics.framework in Frameworks */ = {isa = PBXBuildFile; fileRef = CD264D54196E69F900A2629C /* CoreGraphics.framework */; };
		CD264D57196E69F900A2629C /* UIKit.framework in Frameworks */ = {isa = PBXBuildFile; fileRef = CD264D56196E69F900A2629C /* UIKit.framework */; };
		CD264D59196E69F900A2629C /* CoreData.framework in Frameworks */ = {isa = PBXBuildFile; fileRef = CD264D58196E69F900A2629C /* CoreData.framework */; };
		CD264D5F196E69F900A2629C /* InfoPlist.strings in Resources */ = {isa = PBXBuildFile; fileRef = CD264D5D196E69F900A2629C /* InfoPlist.strings */; };
		CD264D61196E69F900A2629C /* main.m in Sources */ = {isa = PBXBuildFile; fileRef = CD264D60196E69F900A2629C /* main.m */; };
		CD264D65196E69F900A2629C /* PANAppDelegate.m in Sources */ = {isa = PBXBuildFile; fileRef = CD264D64196E69F900A2629C /* PANAppDelegate.m */; };
		CD264D68196E69F900A2629C /* Main.storyboard in Resources */ = {isa = PBXBuildFile; fileRef = CD264D66196E69F900A2629C /* Main.storyboard */; };
		CD264D6B196E69F900A2629C /* HelloDemo.xcdatamodeld in Sources */ = {isa = PBXBuildFile; fileRef = CD264D69196E69F900A2629C /* HelloDemo.xcdatamodeld */; };
		CD264D6E196E69F900A2629C /* PANMasterViewController.m in Sources */ = {isa = PBXBuildFile; fileRef = CD264D6D196E69F900A2629C /* PANMasterViewController.m */; };
		CD264D71196E69F900A2629C /* PANDetailViewController.m in Sources */ = {isa = PBXBuildFile; fileRef = CD264D70196E69F900A2629C /* PANDetailViewController.m */; };
		CD264D73196E69F900A2629C /* Images.xcassets in Resources */ = {isa = PBXBuildFile; fileRef = CD264D72196E69F900A2629C /* Images.xcassets */; };
		CD264D7A196E69F900A2629C /* XCTest.framework in Frameworks */ = {isa = PBXBuildFile; fileRef = CD264D79196E69F900A2629C /* XCTest.framework */; };
		CD264D7B196E69F900A2629C /* Foundation.framework in Frameworks */ = {isa = PBXBuildFile; fileRef = CD264D52196E69F900A2629C /* Foundation.framework */; };
		CD264D7C196E69F900A2629C /* UIKit.framework in Frameworks */ = {isa = PBXBuildFile; fileRef = CD264D56196E69F900A2629C /* UIKit.framework */; };
		CD264D7D196E69F900A2629C /* CoreData.framework in Frameworks */ = {isa = PBXBuildFile; fileRef = CD264D58196E69F900A2629C /* CoreData.framework */; };
		CD264D85196E69F900A2629C /* InfoPlist.strings in Resources */ = {isa = PBXBuildFile; fileRef = CD264D83196E69F900A2629C /* InfoPlist.strings */; };
		CD264D87196E69F900A2629C /* HelloDemoTests.m in Sources */ = {isa = PBXBuildFile; fileRef = CD264D86196E69F900A2629C /* HelloDemoTests.m */; };
/* End PBXBuildFile section */

/* Begin PBXContainerItemProxy section */
		CD264D7E196E69F900A2629C /* PBXContainerItemProxy */ = {
			isa = PBXContainerItemProxy;
			containerPortal = CD264D47196E69F900A2629C /* Project object */;
			proxyType = 1;
			remoteGlobalIDString = CD264D4E196E69F900A2629C;
			remoteInfo = HelloDemo;
		};
/* End PBXContainerItemProxy section */

/* Begin PBXFileReference section */
		CD264D4F196E69F900A2629C /* HelloDemo.app */ = {isa = PBXFileReference; explicitFileType = wrapper.application; includeInIndex = 0; path = HelloDemo.app; sourceTree = BUILT_PRODUCTS_DIR; };
		CD264D52196E69F900A2629C /* Foundation.framework */ = {isa = PBXFileReference; lastKnownFileType = wrapper.framework; name = Foundation.framework; path = System/Library/Frameworks/Foundation.framework; sourceTree = SDKROOT; };
		CD264D54196E69F900A2629C /* CoreGraphics.framework */ = {isa = PBXFileReference; lastKnownFileType = wrapper.framework; name = CoreGraphics.framework; path = System/Library/Frameworks/CoreGraphics.framework; sourceTree = SDKROOT; };
		CD264D56196E69F900A2629C /* UIKit.framework */ = {isa = PBXFileReference; lastKnownFileType = wrapper.framework; name = UIKit.framework; path = System/Library/Frameworks/UIKit.framework; sourceTree = SDKROOT; };
		CD264D58196E69F900A2629C /* CoreData.framework */ = {isa = PBXFileReference; lastKnownFileType = wrapper.framework; name = CoreData.framework; path = System/Library/Frameworks/CoreData.framework; sourceTree = SDKROOT; };
		CD264D5C196E69F900A2629C /* HelloDemo-Info.plist */ = {isa = PBXFileReference; lastKnownFileType = text.plist.xml; path = "HelloDemo-Info.plist"; sourceTree = "<group>"; };
		CD264D5E196E69F900A2629C /* en */ = {isa = PBXFileReference; lastKnownFileType = text.plist.strings; name = en; path = en.lproj/InfoPlist.strings; sourceTree = "<group>"; };
		CD264D60196E69F900A2629C /* main.m */ = {isa = PBXFileReference; lastKnownFileType = sourcecode.c.objc; path = main.m; sourceTree = "<group>"; };
		CD264D62196E69F900A2629C /* HelloDemo-Prefix.pch */ = {isa = PBXFileReference; lastKnownFileType = sourcecode.c.h; path = "HelloDemo-Prefix.pch"; sourceTree = "<group>"; };
		CD264D63196E69F900A2629C /* PANAppDelegate.h */ = {isa = PBXFileReference; lastKnownFileType = sourcecode.c.h; path = PANAppDelegate.h; sourceTree = "<group>"; };
		CD264D64196E69F900A2629C /* PANAppDelegate.m */ = {isa = PBXFileReference; lastKnownFileType = sourcecode.c.objc; path = PANAppDelegate.m; sourceTree = "<group>"; };
		CD264D67196E69F900A2629C /* Base */ = {isa = PBXFileReference; lastKnownFileType = file.storyboard; name = Base; path = Base.lproj/Main.storyboard; sourceTree = "<group>"; };
		CD264D6A196E69F900A2629C /* HelloDemo.xcdatamodel */ = {isa = PBXFileReference; lastKnownFileType = wrapper.xcdatamodel; path = HelloDemo.xcdatamodel; sourceTree = "<group>"; };
		CD264D6C196E69F900A2629C /* PANMasterViewController.h */ = {isa = PBXFileReference; lastKnownFileType = sourcecode.c.h; path = PANMasterViewController.h; sourceTree = "<group>"; };
		CD264D6D196E69F900A2629C /* PANMasterViewController.m */ = {isa = PBXFileReference; lastKnownFileType = sourcecode.c.objc; path = PANMasterViewController.m; sourceTree = "<group>"; };
		CD264D6F196E69F900A2629C /* PANDetailViewController.h */ = {isa = PBXFileReference; lastKnownFileType = sourcecode.c.h; path = PANDetailViewController.h; sourceTree = "<group>"; };
		CD264D70196E69F900A2629C /* PANDetailViewController.m */ = {isa = PBXFileReference; lastKnownFileType = sourcecode.c.objc; path = PANDetailViewController.m; sourceTree = "<group>"; };
		CD264D72196E69F900A2629C /* Images.xcassets */ = {isa = PBXFileReference; lastKnownFileType = folder.assetcatalog; path = Images.xcassets; sourceTree = "<group>"; };
		CD264D78196E69F900A2629C /* HelloDemoTests.xctest */ = {isa = PBXFileReference; explicitFileType = wrapper.cfbundle; includeInIndex = 0; path = HelloDemoTests.xctest; sourceTree = BUILT_PRODUCTS_DIR; };
		CD264D79196E69F900A2629C /* XCTest.framework */ = {isa = PBXFileReference; lastKnownFileType = wrapper.framework; name = XCTest.framework; path = Library/Frameworks/XCTest.framework; sourceTree = DEVELOPER_DIR; };
		CD264D82196E69F900A2629C /* HelloDemoTests-Info.plist */ = {isa = PBXFileReference; lastKnownFileType = text.plist.xml; path = "HelloDemoTests-Info.plist"; sourceTree = "<group>"; };
		CD264D84196E69F900A2629C /* en */ = {isa = PBXFileReference; lastKnownFileType = text.plist.strings; name = en; path = en.lproj/InfoPlist.strings; sourceTree = "<group>"; };
		CD264D86196E69F900A2629C /* HelloDemoTests.m */ = {isa = PBXFileReference; lastKnownFileType = sourcecode.c.objc; path = HelloDemoTests.m; sourceTree = "<group>"; };
/* End PBXFileReference section */

/* Begin PBXFrameworksBuildPhase section */
		CD264D4C196E69F900A2629C /* Frameworks */ = {
			isa = PBXFrameworksBuildPhase;
			buildActionMask = 2147483647;
			files = (
				CD264D55196E69F900A2629C /* CoreGraphics.framework in Frameworks */,
				CD264D59196E69F900A2629C /* CoreData.framework in Frameworks */,
				CD264D57196E69F900A2629C /* UIKit.framework in Frameworks */,
				CD264D53196E69F900A2629C /* Foundation.framework in Frameworks */,
			);
			runOnlyForDeploymentPostprocessing = 0;
		};
		CD264D75196E69F900A2629C /* Frameworks */ = {
			isa = PBXFrameworksBuildPhase;
			buildActionMask = 2147483647;
			files = (
				CD264D7A196E69F900A2629C /* XCTest.framework in Frameworks */,
				CD264D7D196E69F900A2629C /* CoreData.framework in Frameworks */,
				CD264D7C196E69F900A2629C /* UIKit.framework in Frameworks */,
				CD264D7B196E69F900A2629C /* Foundation.framework in Frameworks */,
			);
			runOnlyForDeploymentPostprocessing = 0;
		};
/* End PBXFrameworksBuildPhase section */

/* Begin PBXGroup section */
		CD264D46196E69F900A2629C = {
			isa = PBXGroup;
			children = (
				CD264D5A196E69F900A2629C /* HelloDemo */,
				CD264D80196E69F900A2629C /* HelloDemoTests */,
				CD264D51196E69F900A2629C /* Frameworks */,
				CD264D50196E69F900A2629C /* Products */,
			);
			sourceTree = "<group>";
		};
		CD264D50196E69F900A2629C /* Products */ = {
			isa = PBXGroup;
			children = (
				CD264D4F196E69F900A2629C /* HelloDemo.app */,
				CD264D78196E69F900A2629C /* HelloDemoTests.xctest */,
			);
			name = Products;
			sourceTree = "<group>";
		};
		CD264D51196E69F900A2629C /* Frameworks */ = {
			isa = PBXGroup;
			children = (
				CD264D52196E69F900A2629C /* Foundation.framework */,
				CD264D54196E69F900A2629C /* CoreGraphics.framework */,
				CD264D56196E69F900A2629C /* UIKit.framework */,
				CD264D58196E69F900A2629C /* CoreData.framework */,
				CD264D79196E69F900A2629C /* XCTest.framework */,
			);
			name = Frameworks;
			sourceTree = "<group>";
		};
		CD264D5A196E69F900A2629C /* HelloDemo */ = {
			isa = PBXGroup;
			children = (
				CD264D63196E69F900A2629C /* PANAppDelegate.h */,
				CD264D64196E69F900A2629C /* PANAppDelegate.m */,
				CD264D66196E69F900A2629C /* Main.storyboard */,
				CD264D6C196E69F900A2629C /* PANMasterViewController.h */,
				CD264D6D196E69F900A2629C /* PANMasterViewController.m */,
				CD264D6F196E69F900A2629C /* PANDetailViewController.h */,
				CD264D70196E69F900A2629C /* PANDetailViewController.m */,
				CD264D72196E69F900A2629C /* Images.xcassets */,
				CD264D69196E69F900A2629C /* HelloDemo.xcdatamodeld */,
				CD264D5B196E69F900A2629C /* Supporting Files */,
			);
			path = HelloDemo;
			sourceTree = "<group>";
		};
		CD264D5B196E69F900A2629C /* Supporting Files */ = {
			isa = PBXGroup;
			children = (
				CD264D5C196E69F900A2629C /* HelloDemo-Info.plist */,
				CD264D5D196E69F900A2629C /* InfoPlist.strings */,
				CD264D60196E69F900A2629C /* main.m */,
				CD264D62196E69F900A2629C /* HelloDemo-Prefix.pch */,
			);
			name = "Supporting Files";
			sourceTree = "<group>";
		};
		CD264D80196E69F900A2629C /* HelloDemoTests */ = {
			isa = PBXGroup;
			children = (
				CD264D86196E69F900A2629C /* HelloDemoTests.m */,
				CD264D81196E69F900A2629C /* Supporting Files */,
			);
			path = HelloDemoTests;
			sourceTree = "<group>";
		};
		CD264D81196E69F900A2629C /* Supporting Files */ = {
			isa = PBXGroup;
			children = (
				CD264D82196E69F900A2629C /* HelloDemoTests-Info.plist */,
				CD264D83196E69F900A2629C /* InfoPlist.strings */,
			);
			name = "Supporting Files";
			sourceTree = "<group>";
		};
/* End PBXGroup section */

/* Begin PBXNativeTarget section */
		CD264D4E196E69F900A2629C /* HelloDemo */ = {
			isa = PBXNativeTarget;
			buildConfigurationList = CD264D8A196E69F900A2629C /* Build configuration list for PBXNativeTarget "HelloDemo" */;
			buildPhases = (
				CD264D4B196E69F900A2629C /* Sources */,
				CD264D4C196E69F900A2629C /* Frameworks */,
				CD264D4D196E69F900A2629C /* Resources */,
			);
			buildRules = (
			);
			dependencies = (
			);
			name = HelloDemo;
			productName = HelloDemo;
			productReference = CD264D4F196E69F900A2629C /* HelloDemo.app */;
			productType = "com.apple.product-type.application";
		};
		CD264D77196E69F900A2629C /* HelloDemoTests */ = {
			isa = PBXNativeTarget;
			buildConfigurationList = CD264D8D196E69F900A2629C /* Build configuration list for PBXNativeTarget "HelloDemoTests" */;
			buildPhases = (
				CD264D74196E69F900A2629C /* Sources */,
				CD264D75196E69F900A2629C /* Frameworks */,
				CD264D76196E69F900A2629C /* Resources */,
			);
			buildRules = (
			);
			dependencies = (
				CD264D7F196E69F900A2629C /* PBXTargetDependency */,
			);
			name = HelloDemoTests;
			productName = HelloDemoTests;
			productReference = CD264D78196E69F900A2629C /* HelloDemoTests.xctest */;
			productType = "com.apple.product-type.bundle.unit-test";
		};
/* End PBXNativeTarget section */

/* Begin PBXProject section */
		CD264D47196E69F900A2629C /* Project object */ = {
			isa = PBXProject;
			attributes = {
				CLASSPREFIX = PAN;
				LastUpgradeCheck = 0510;
				ORGANIZATIONNAME = patrick;
				TargetAttributes = {
					CD264D77196E69F900A2629C = {
						TestTargetID = CD264D4E196E69F900A2629C;
					};
				};
			};
			buildConfigurationList = CD264D4A196E69F900A2629C /* Build configuration list for PBXProject "HelloDemo" */;
			compatibilityVersion = "Xcode 3.2";
			developmentRegion = English;
			hasScannedForEncodings = 0;
			knownRegions = (
				en,
				Base,
			);
			mainGroup = CD264D46196E69F900A2629C;
			productRefGroup = CD264D50196E69F900A2629C /* Products */;
			projectDirPath = "";
			projectRoot = "";
			targets = (
				CD264D4E196E69F900A2629C /* HelloDemo */,
				CD264D77196E69F900A2629C /* HelloDemoTests */,
			);
		};
/* End PBXProject section */

/* Begin PBXResourcesBuildPhase section */
		CD264D4D196E69F900A2629C /* Resources */ = {
			isa = PBXResourcesBuildPhase;
			buildActionMask = 2147483647;
			files = (
				CD264D73196E69F900A2629C /* Images.xcassets in Resources */,
				CD264D5F196E69F900A2629C /* InfoPlist.strings in Resources */,
				CD264D68196E69F900A2629C /* Main.storyboard in Resources */,
			);
			runOnlyForDeploymentPostprocessing = 0;
		};
		CD264D76196E69F900A2629C /* Resources */ = {
			isa = PBXResourcesBuildPhase;
			buildActionMask = 2147483647;
			files = (
				CD264D85196E69F900A2629C /* InfoPlist.strings in Resources */,
			);
			runOnlyForDeploymentPostprocessing = 0;
		};
/* End PBXResourcesBuildPhase section */

/* Begin PBXSourcesBuildPhase section */
		CD264D4B196E69F900A2629C /* Sources */ = {
			isa = PBXSourcesBuildPhase;
			buildActionMask = 2147483647;
			files = (
				CD264D65196E69F900A2629C /* PANAppDelegate.m in Sources */,
				CD264D6B196E69F900A2629C /* HelloDemo.xcdatamodeld in Sources */,
				CD264D71196E69F900A2629C /* PANDetailViewController.m in Sources */,
				CD264D6E196E69F900A2629C /* PANMasterViewController.m in Sources */,
				CD264D61196E69F900A2629C /* main.m in Sources */,
			);
			runOnlyForDeploymentPostprocessing = 0;
		};
		CD264D74196E69F900A2629C /* Sources */ = {
			isa = PBXSourcesBuildPhase;
			buildActionMask = 2147483647;
			files = (
				CD264D87196E69F900A2629C /* HelloDemoTests.m in Sources */,
			);
			runOnlyForDeploymentPostprocessing = 0;
		};
/* End PBXSourcesBuildPhase section */

/* Begin PBXTargetDependency section */
		CD264D7F196E69F900A2629C /* PBXTargetDependency */ = {
			isa = PBXTargetDependency;
			target = CD264D4E196E69F900A2629C /* HelloDemo */;
			targetProxy = CD264D7E196E69F900A2629C /* PBXContainerItemProxy */;
		};
/* End PBXTargetDependency section */

/* Begin PBXVariantGroup section */
		CD264D5D196E69F900A2629C /* InfoPlist.strings */ = {
			isa = PBXVariantGroup;
			children = (
				CD264D5E196E69F900A2629C /* en */,
			);
			name = InfoPlist.strings;
			sourceTree = "<group>";
		};
		CD264D66196E69F900A2629C /* Main.storyboard */ = {
			isa = PBXVariantGroup;
			children = (
				CD264D67196E69F900A2629C /* Base */,
			);
			name = Main.storyboard;
			sourceTree = "<group>";
		};
		CD264D83196E69F900A2629C /* InfoPlist.strings */ = {
			isa = PBXVariantGroup;
			children = (
				CD264D84196E69F900A2629C /* en */,
			);
			name = InfoPlist.strings;
			sourceTree = "<group>";
		};
/* End PBXVariantGroup section */

/* Begin XCBuildConfiguration section */
		CD264D88196E69F900A2629C /* Debug */ = {
			isa = XCBuildConfiguration;
			buildSettings = {
				ALWAYS_SEARCH_USER_PATHS = NO;
				CLANG_CXX_LANGUAGE_STANDARD = "gnu++0x";
				CLANG_CXX_LIBRARY = "libc++";
				CLANG_ENABLE_MODULES = YES;
				CLANG_ENABLE_OBJC_ARC = YES;
				CLANG_WARN_BOOL_CONVERSION = YES;
				CLANG_WARN_CONSTANT_CONVERSION = YES;
				CLANG_WARN_DIRECT_OBJC_ISA_USAGE = YES_ERROR;
				CLANG_WARN_EMPTY_BODY = YES;
				CLANG_WARN_ENUM_CONVERSION = YES;
				CLANG_WARN_INT_CONVERSION = YES;
				CLANG_WARN_OBJC_ROOT_CLASS = YES_ERROR;
				CLANG_WARN__DUPLICATE_METHOD_MATCH = YES;
				"CODE_SIGN_IDENTITY[sdk=iphoneos*]" = "iPhone Developer";
				COPY_PHASE_STRIP = NO;
				GCC_C_LANGUAGE_STANDARD = gnu99;
				GCC_DYNAMIC_NO_PIC = NO;
				GCC_OPTIMIZATION_LEVEL = 0;
				GCC_PREPROCESSOR_DEFINITIONS = (
					"DEBUG=1",
					"$(inherited)",
				);
				GCC_SYMBOLS_PRIVATE_EXTERN = NO;
				GCC_WARN_64_TO_32_BIT_CONVERSION = YES;
				GCC_WARN_ABOUT_RETURN_TYPE = YES_ERROR;
				GCC_WARN_UNDECLARED_SELECTOR = YES;
				GCC_WARN_UNINITIALIZED_AUTOS = YES_AGGRESSIVE;
				GCC_WARN_UNUSED_FUNCTION = YES;
				GCC_WARN_UNUSED_VARIABLE = YES;
				IPHONEOS_DEPLOYMENT_TARGET = 7.1;
				ONLY_ACTIVE_ARCH = YES;
				SDKROOT = iphoneos;
			};
			name = Debug;
		};
		CD264D89196E69F900A2629C /* Release */ = {
			isa = XCBuildConfiguration;
			buildSettings = {
				ALWAYS_SEARCH_USER_PATHS = NO;
				CLANG_CXX_LANGUAGE_STANDARD = "gnu++0x";
				CLANG_CXX_LIBRARY = "libc++";
				CLANG_ENABLE_MODULES = YES;
				CLANG_ENABLE_OBJC_ARC = YES;
				CLANG_WARN_BOOL_CONVERSION = YES;
				CLANG_WARN_CONSTANT_CONVERSION = YES;
				CLANG_WARN_DIRECT_OBJC_ISA_USAGE = YES_ERROR;
				CLANG_WARN_EMPTY_BODY = YES;
				CLANG_WARN_ENUM_CONVERSION = YES;
				CLANG_WARN_INT_CONVERSION = YES;
				CLANG_WARN_OBJC_ROOT_CLASS = YES_ERROR;
				CLANG_WARN__DUPLICATE_METHOD_MATCH = YES;
				"CODE_SIGN_IDENTITY[sdk=iphoneos*]" = "iPhone Developer";
				COPY_PHASE_STRIP = YES;
				ENABLE_NS_ASSERTIONS = NO;
				GCC_C_LANGUAGE_STANDARD = gnu99;
				GCC_WARN_64_TO_32_BIT_CONVERSION = YES;
				GCC_WARN_ABOUT_RETURN_TYPE = YES_ERROR;
				GCC_WARN_UNDECLARED_SELECTOR = YES;
				GCC_WARN_UNINITIALIZED_AUTOS = YES_AGGRESSIVE;
				GCC_WARN_UNUSED_FUNCTION = YES;
				GCC_WARN_UNUSED_VARIABLE = YES;
				IPHONEOS_DEPLOYMENT_TARGET = 7.1;
				SDKROOT = iphoneos;
				VALIDATE_PRODUCT = YES;
			};
			name = Release;
		};
		CD264D8B196E69F900A2629C /* Debug */ = {
			isa = XCBuildConfiguration;
			buildSettings = {
				ASSETCATALOG_COMPILER_APPICON_NAME = AppIcon;
				ASSETCATALOG_COMPILER_LAUNCHIMAGE_NAME = LaunchImage;
				GCC_PRECOMPILE_PREFIX_HEADER = YES;
				GCC_PREFIX_HEADER = "HelloDemo/HelloDemo-Prefix.pch";
				INFOPLIST_FILE = "HelloDemo/HelloDemo-Info.plist";
				PRODUCT_NAME = "$(TARGET_NAME)";
				WRAPPER_EXTENSION = app;
			};
			name = Debug;
		};
		CD264D8C196E69F900A2629C /* Release */ = {
			isa = XCBuildConfiguration;
			buildSettings = {
				ASSETCATALOG_COMPILER_APPICON_NAME = AppIcon;
				ASSETCATALOG_COMPILER_LAUNCHIMAGE_NAME = LaunchImage;
				GCC_PRECOMPILE_PREFIX_HEADER = YES;
				GCC_PREFIX_HEADER = "HelloDemo/HelloDemo-Prefix.pch";
				INFOPLIST_FILE = "HelloDemo/HelloDemo-Info.plist";
				PRODUCT_NAME = "$(TARGET_NAME)";
				WRAPPER_EXTENSION = app;
			};
			name = Release;
		};
		CD264D8E196E69F900A2629C /* Debug */ = {
			isa = XCBuildConfiguration;
			buildSettings = {
				BUNDLE_LOADER = "$(BUILT_PRODUCTS_DIR)/HelloDemo.app/HelloDemo";
				FRAMEWORK_SEARCH_PATHS = (
					"$(SDKROOT)/Developer/Library/Frameworks",
					"$(inherited)",
					"$(DEVELOPER_FRAMEWORKS_DIR)",
				);
				GCC_PRECOMPILE_PREFIX_HEADER = YES;
				GCC_PREFIX_HEADER = "HelloDemo/HelloDemo-Prefix.pch";
				GCC_PREPROCESSOR_DEFINITIONS = (
					"DEBUG=1",
					"$(inherited)",
				);
				INFOPLIST_FILE = "HelloDemoTests/HelloDemoTests-Info.plist";
				PRODUCT_NAME = "$(TARGET_NAME)";
				TEST_HOST = "$(BUNDLE_LOADER)";
				WRAPPER_EXTENSION = xctest;
			};
			name = Debug;
		};
		CD264D8F196E69F900A2629C /* Release */ = {
			isa = XCBuildConfiguration;
			buildSettings = {
				BUNDLE_LOADER = "$(BUILT_PRODUCTS_DIR)/HelloDemo.app/HelloDemo";
				FRAMEWORK_SEARCH_PATHS = (
					"$(SDKROOT)/Developer/Library/Frameworks",
					"$(inherited)",
					"$(DEVELOPER_FRAMEWORKS_DIR)",
				);
				GCC_PRECOMPILE_PREFIX_HEADER = YES;
				GCC_PREFIX_HEADER = "HelloDemo/HelloDemo-Prefix.pch";
				INFOPLIST_FILE = "HelloDemoTests/HelloDemoTests-Info.plist";
				PRODUCT_NAME = "$(TARGET_NAME)";
				TEST_HOST = "$(BUNDLE_LOADER)";
				WRAPPER_EXTENSION = xctest;
			};
			name = Release;
		};
/* End XCBuildConfiguration section */

/* Begin XCConfigurationList section */
		CD264D4A196E69F900A2629C /* Build configuration list for PBXProject "HelloDemo" */ = {
			isa = XCConfigurationList;
			buildConfigurations = (
				CD264D88196E69F900A2629C /* Debug */,
				CD264D89196E69F900A2629C /* Release */,
			);
			defaultConfigurationIsVisible = 0;
			defaultConfigurationName = Release;
		};
		CD264D8A196E69F900A2629C /* Build configuration list for PBXNativeTarget "HelloDemo" */ = {
			isa = XCConfigurationList;
			buildConfigurations = (
				CD264D8B196E69F900A2629C /* Debug */,
				CD264D8C196E69F900A2629C /* Release */,
			);
			defaultConfigurationIsVisible = 0;
		};
		CD264D8D196E69F900A2629C /* Build configuration list for PBXNativeTarget "HelloDemoTests" */ = {
			isa = XCConfigurationList;
			buildConfigurations = (
				CD264D8E196E69F900A2629C /* Debug */,
				CD264D8F196E69F900A2629C /* Release */,
			);
			defaultConfigurationIsVisible = 0;
		};
/* End XCConfigurationList section */

/* Begin XCVersionGroup section */
		CD264D69196E69F900A2629C /* HelloDemo.xcdatamodeld */ = {
			isa = XCVersionGroup;
			children = (
				CD264D6A196E69F900A2629C /* HelloDemo.xcdatamodel */,
			);
			currentVersion = CD264D6A196E69F900A2629C /* HelloDemo.xcdatamodel */;
			path = HelloDemo.xcdatamodeld;
			sourceTree = "<group>";
			versionGroupType = wrapper.xcdatamodel;
		};
/* End XCVersionGroup section */
	};
	rootObject = CD264D47196E69F900A2629C /* Project object */;
}
